
Microsoft Visual Studio Solution File, Format Version 12.00
# Visual Studio Version 17
VisualStudioVersion = 17.4.33103.184
MinimumVisualStudioVersion = 10.0.40219.1
Project("{FAE04EC0-301F-11D3-BF4B-00C04F79EFBC}") = "Ashbourne Gym Membership Test", "Ashbourne Gym Membership Test\Ashbourne Gym Membership Test.csproj", "{BBD315F3-4448-4D2B-9D98-35C9842E989C}"
EndProject
Global
	GlobalSection(SolutionConfigurationPlatforms) = preSolution
		Debug|Any CPU = Debug|Any CPU
		Release|Any CPU = Release|Any CPU
	EndGlobalSection
	GlobalSection(ProjectConfigurationPlatforms) = postSolution
		{BBD315F3-4448-4D2B-9D98-35C9842E989C}.Debug|Any CPU.ActiveCfg = Debug|Any CPU
		{BBD315F3-4448-4D2B-9D98-35C9842E989C}.Debug|Any CPU.Build.0 = Debug|Any CPU
		{BBD315F3-4448-4D2B-9D98-35C9842E989C}.Release|Any CPU.ActiveCfg = Release|Any CPU
		{BBD315F3-4448-4D2B-9D98-35C9842E989C}.Release|Any CPU.Build.0 = Release|Any CPU
	EndGlobalSection
	GlobalSection(SolutionProperties) = preSolution
		HideSolutionNode = FALSE
	EndGlobalSection
	GlobalSection(ExtensibilityGlobals) = postSolution
		SolutionGuid = {1E110381-C800-443C-837A-B04C88D3ECB2}
	EndGlobalSection
EndGlobal
